
Microsoft Visual Studio Solution File, Format Version 12.00
# Visual Studio Version 17
VisualStudioVersion = 17.3.32929.385
MinimumVisualStudioVersion = 10.0.40219.1
Project("{FAE04EC0-301F-11D3-BF4B-00C04F79EFBC}") = "Wpf_Palashicheva_PR8", "Wpf_Palashicheva_PR8.csproj", "{C11EDE2E-2A05-4890-8DA4-7BB217CAC00A}"
EndProject
Global
	GlobalSection(SolutionConfigurationPlatforms) = preSolution
		Debug|Any CPU = Debug|Any CPU
		Release|Any CPU = Release|Any CPU
	EndGlobalSection
	GlobalSection(ProjectConfigurationPlatforms) = postSolution
		{C11EDE2E-2A05-4890-8DA4-7BB217CAC00A}.Debug|Any CPU.ActiveCfg = Debug|Any CPU
		{C11EDE2E-2A05-4890-8DA4-7BB217CAC00A}.Debug|Any CPU.Build.0 = Debug|Any CPU
		{C11EDE2E-2A05-4890-8DA4-7BB217CAC00A}.Release|Any CPU.ActiveCfg = Release|Any CPU
		{C11EDE2E-2A05-4890-8DA4-7BB217CAC00A}.Release|Any CPU.Build.0 = Release|Any CPU
	EndGlobalSection
	GlobalSection(SolutionProperties) = preSolution
		HideSolutionNode = FALSE
	EndGlobalSection
	GlobalSection(ExtensibilityGlobals) = postSolution
		SolutionGuid = {E90FD729-94C0-40A8-9207-2CEFBC1CE3FE}
	EndGlobalSection
EndGlobal
